// !$*UTF8*$!
{
	archiveVersion = 1;
	classes = {
	};
	objectVersion = 46;
	objects = {

/* Begin PBXBuildFile section */
		9A9B64E51C66E56300796B22 /* AppDelegate.swift in Sources */ = {isa = PBXBuildFile; fileRef = 9A9B64E41C66E56300796B22 /* AppDelegate.swift */; };
		9A9B64E71C66E56300796B22 /* ViewController.swift in Sources */ = {isa = PBXBuildFile; fileRef = 9A9B64E61C66E56300796B22 /* ViewController.swift */; };
		9A9B64EA1C66E56300796B22 /* Main.storyboard in Resources */ = {isa = PBXBuildFile; fileRef = 9A9B64E81C66E56300796B22 /* Main.storyboard */; };
		9A9B64EC1C66E56300796B22 /* Assets.xcassets in Resources */ = {isa = PBXBuildFile; fileRef = 9A9B64EB1C66E56300796B22 /* Assets.xcassets */; };
		9A9B64EF1C66E56300796B22 /* LaunchScreen.storyboard in Resources */ = {isa = PBXBuildFile; fileRef = 9A9B64ED1C66E56300796B22 /* LaunchScreen.storyboard */; };
		9A9B64FA1C66E56300796B22 /* TestandoIntegracaoGitHubTests.swift in Sources */ = {isa = PBXBuildFile; fileRef = 9A9B64F91C66E56300796B22 /* TestandoIntegracaoGitHubTests.swift */; };
		9A9B65051C66E56300796B22 /* TestandoIntegracaoGitHubUITests.swift in Sources */ = {isa = PBXBuildFile; fileRef = 9A9B65041C66E56300796B22 /* TestandoIntegracaoGitHubUITests.swift */; };
/* End PBXBuildFile section */

/* Begin PBXContainerItemProxy section */
		9A9B64F61C66E56300796B22 /* PBXContainerItemProxy */ = {
			isa = PBXContainerItemProxy;
			containerPortal = 9A9B64D91C66E56200796B22 /* Project object */;
			proxyType = 1;
			remoteGlobalIDString = 9A9B64E01C66E56200796B22;
			remoteInfo = TestandoIntegracaoGitHub;
		};
		9A9B65011C66E56300796B22 /* PBXContainerItemProxy */ = {
			isa = PBXContainerItemProxy;
			containerPortal = 9A9B64D91C66E56200796B22 /* Project object */;
			proxyType = 1;
			remoteGlobalIDString = 9A9B64E01C66E56200796B22;
			remoteInfo = TestandoIntegracaoGitHub;
		};
/* End PBXContainerItemProxy section */

/* Begin PBXFileReference section */
		9A9B64E11C66E56200796B22 /* TestandoIntegracaoGitHub.app */ = {isa = PBXFileReference; explicitFileType = wrapper.application; includeInIndex = 0; path = TestandoIntegracaoGitHub.app; sourceTree = BUILT_PRODUCTS_DIR; };
		9A9B64E41C66E56300796B22 /* AppDelegate.swift */ = {isa = PBXFileReference; lastKnownFileType = sourcecode.swift; path = AppDelegate.swift; sourceTree = "<group>"; };
		9A9B64E61C66E56300796B22 /* ViewController.swift */ = {isa = PBXFileReference; lastKnownFileType = sourcecode.swift; path = ViewController.swift; sourceTree = "<group>"; };
		9A9B64E91C66E56300796B22 /* Base */ = {isa = PBXFileReference; lastKnownFileType = file.storyboard; name = Base; path = Base.lproj/Main.storyboard; sourceTree = "<group>"; };
		9A9B64EB1C66E56300796B22 /* Assets.xcassets */ = {isa = PBXFileReference; lastKnownFileType = folder.assetcatalog; path = Assets.xcassets; sourceTree = "<group>"; };
		9A9B64EE1C66E56300796B22 /* Base */ = {isa = PBXFileReference; lastKnownFileType = file.storyboard; name = Base; path = Base.lproj/LaunchScreen.storyboard; sourceTree = "<group>"; };
		9A9B64F01C66E56300796B22 /* Info.plist */ = {isa = PBXFileReference; lastKnownFileType = text.plist.xml; path = Info.plist; sourceTree = "<group>"; };
		9A9B64F51C66E56300796B22 /* TestandoIntegracaoGitHubTests.xctest */ = {isa = PBXFileReference; explicitFileType = wrapper.cfbundle; includeInIndex = 0; path = TestandoIntegracaoGitHubTests.xctest; sourceTree = BUILT_PRODUCTS_DIR; };
		9A9B64F91C66E56300796B22 /* TestandoIntegracaoGitHubTests.swift */ = {isa = PBXFileReference; lastKnownFileType = sourcecode.swift; path = TestandoIntegracaoGitHubTests.swift; sourceTree = "<group>"; };
		9A9B64FB1C66E56300796B22 /* Info.plist */ = {isa = PBXFileReference; lastKnownFileType = text.plist.xml; path = Info.plist; sourceTree = "<group>"; };
		9A9B65001C66E56300796B22 /* TestandoIntegracaoGitHubUITests.xctest */ = {isa = PBXFileReference; explicitFileType = wrapper.cfbundle; includeInIndex = 0; path = TestandoIntegracaoGitHubUITests.xctest; sourceTree = BUILT_PRODUCTS_DIR; };
		9A9B65041C66E56300796B22 /* TestandoIntegracaoGitHubUITests.swift */ = {isa = PBXFileReference; lastKnownFileType = sourcecode.swift; path = TestandoIntegracaoGitHubUITests.swift; sourceTree = "<group>"; };
		9A9B65061C66E56300796B22 /* Info.plist */ = {isa = PBXFileReference; lastKnownFileType = text.plist.xml; path = Info.plist; sourceTree = "<group>"; };
/* End PBXFileReference section */

/* Begin PBXFrameworksBuildPhase section */
		9A9B64DE1C66E56200796B22 /* Frameworks */ = {
			isa = PBXFrameworksBuildPhase;
			buildActionMask = 2147483647;
			files = (
			);
			runOnlyForDeploymentPostprocessing = 0;
		};
		9A9B64F21C66E56300796B22 /* Frameworks */ = {
			isa = PBXFrameworksBuildPhase;
			buildActionMask = 2147483647;
			files = (
			);
			runOnlyForDeploymentPostprocessing = 0;
		};
		9A9B64FD1C66E56300796B22 /* Frameworks */ = {
			isa = PBXFrameworksBuildPhase;
			buildActionMask = 2147483647;
			files = (
			);
			runOnlyForDeploymentPostprocessing = 0;
		};
/* End PBXFrameworksBuildPhase section */

/* Begin PBXGroup section */
		9A9B64D81C66E56200796B22 = {
			isa = PBXGroup;
			children = (
				9A9B64E31C66E56200796B22 /* TestandoIntegracaoGitHub */,
				9A9B64F81C66E56300796B22 /* TestandoIntegracaoGitHubTests */,
				9A9B65031C66E56300796B22 /* TestandoIntegracaoGitHubUITests */,
				9A9B64E21C66E56200796B22 /* Products */,
			);
			sourceTree = "<group>";
		};
		9A9B64E21C66E56200796B22 /* Products */ = {
			isa = PBXGroup;
			children = (
				9A9B64E11C66E56200796B22 /* TestandoIntegracaoGitHub.app */,
				9A9B64F51C66E56300796B22 /* TestandoIntegracaoGitHubTests.xctest */,
				9A9B65001C66E56300796B22 /* TestandoIntegracaoGitHubUITests.xctest */,
			);
			name = Products;
			sourceTree = "<group>";
		};
		9A9B64E31C66E56200796B22 /* TestandoIntegracaoGitHub */ = {
			isa = PBXGroup;
			children = (
				9A9B64E41C66E56300796B22 /* AppDelegate.swift */,
				9A9B64E61C66E56300796B22 /* ViewController.swift */,
				9A9B64E81C66E56300796B22 /* Main.storyboard */,
				9A9B64EB1C66E56300796B22 /* Assets.xcassets */,
				9A9B64ED1C66E56300796B22 /* LaunchScreen.storyboard */,
				9A9B64F01C66E56300796B22 /* Info.plist */,
			);
			path = TestandoIntegracaoGitHub;
			sourceTree = "<group>";
		};
		9A9B64F81C66E56300796B22 /* TestandoIntegracaoGitHubTests */ = {
			isa = PBXGroup;
			children = (
				9A9B64F91C66E56300796B22 /* TestandoIntegracaoGitHubTests.swift */,
				9A9B64FB1C66E56300796B22 /* Info.plist */,
			);
			path = TestandoIntegracaoGitHubTests;
			sourceTree = "<group>";
		};
		9A9B65031C66E56300796B22 /* TestandoIntegracaoGitHubUITests */ = {
			isa = PBXGroup;
			children = (
				9A9B65041C66E56300796B22 /* TestandoIntegracaoGitHubUITests.swift */,
				9A9B65061C66E56300796B22 /* Info.plist */,
			);
			path = TestandoIntegracaoGitHubUITests;
			sourceTree = "<group>";
		};
/* End PBXGroup section */

/* Begin PBXNativeTarget section */
		9A9B64E01C66E56200796B22 /* TestandoIntegracaoGitHub */ = {
			isa = PBXNativeTarget;
			buildConfigurationList = 9A9B65091C66E56300796B22 /* Build configuration list for PBXNativeTarget "TestandoIntegracaoGitHub" */;
			buildPhases = (
				9A9B64DD1C66E56200796B22 /* Sources */,
				9A9B64DE1C66E56200796B22 /* Frameworks */,
				9A9B64DF1C66E56200796B22 /* Resources */,
			);
			buildRules = (
			);
			dependencies = (
			);
			name = TestandoIntegracaoGitHub;
			productName = TestandoIntegracaoGitHub;
			productReference = 9A9B64E11C66E56200796B22 /* TestandoIntegracaoGitHub.app */;
			productType = "com.apple.product-type.application";
		};
		9A9B64F41C66E56300796B22 /* TestandoIntegracaoGitHubTests */ = {
			isa = PBXNativeTarget;
			buildConfigurationList = 9A9B650C1C66E56300796B22 /* Build configuration list for PBXNativeTarget "TestandoIntegracaoGitHubTests" */;
			buildPhases = (
				9A9B64F11C66E56300796B22 /* Sources */,
				9A9B64F21C66E56300796B22 /* Frameworks */,
				9A9B64F31C66E56300796B22 /* Resources */,
			);
			buildRules = (
			);
			dependencies = (
				9A9B64F71C66E56300796B22 /* PBXTargetDependency */,
			);
			name = TestandoIntegracaoGitHubTests;
			productName = TestandoIntegracaoGitHubTests;
			productReference = 9A9B64F51C66E56300796B22 /* TestandoIntegracaoGitHubTests.xctest */;
			productType = "com.apple.product-type.bundle.unit-test";
		};
		9A9B64FF1C66E56300796B22 /* TestandoIntegracaoGitHubUITests */ = {
			isa = PBXNativeTarget;
			buildConfigurationList = 9A9B650F1C66E56300796B22 /* Build configuration list for PBXNativeTarget "TestandoIntegracaoGitHubUITests" */;
			buildPhases = (
				9A9B64FC1C66E56300796B22 /* Sources */,
				9A9B64FD1C66E56300796B22 /* Frameworks */,
				9A9B64FE1C66E56300796B22 /* Resources */,
			);
			buildRules = (
			);
			dependencies = (
				9A9B65021C66E56300796B22 /* PBXTargetDependency */,
			);
			name = TestandoIntegracaoGitHubUITests;
			productName = TestandoIntegracaoGitHubUITests;
			productReference = 9A9B65001C66E56300796B22 /* TestandoIntegracaoGitHubUITests.xctest */;
			productType = "com.apple.product-type.bundle.ui-testing";
		};
/* End PBXNativeTarget section */

/* Begin PBXProject section */
		9A9B64D91C66E56200796B22 /* Project object */ = {
			isa = PBXProject;
			attributes = {
				LastSwiftUpdateCheck = 0720;
				LastUpgradeCheck = 0720;
				ORGANIZATIONNAME = "Felipe Soares";
				TargetAttributes = {
					9A9B64E01C66E56200796B22 = {
						CreatedOnToolsVersion = 7.2.1;
					};
					9A9B64F41C66E56300796B22 = {
						CreatedOnToolsVersion = 7.2.1;
						TestTargetID = 9A9B64E01C66E56200796B22;
					};
					9A9B64FF1C66E56300796B22 = {
						CreatedOnToolsVersion = 7.2.1;
						TestTargetID = 9A9B64E01C66E56200796B22;
					};
				};
			};
			buildConfigurationList = 9A9B64DC1C66E56200796B22 /* Build configuration list for PBXProject "TestandoIntegracaoGitHub" */;
			compatibilityVersion = "Xcode 3.2";
			developmentRegion = English;
			hasScannedForEncodings = 0;
			knownRegions = (
				en,
				Base,
			);
			mainGroup = 9A9B64D81C66E56200796B22;
			productRefGroup = 9A9B64E21C66E56200796B22 /* Products */;
			projectDirPath = "";
			projectRoot = "";
			targets = (
				9A9B64E01C66E56200796B22 /* TestandoIntegracaoGitHub */,
				9A9B64F41C66E56300796B22 /* TestandoIntegracaoGitHubTests */,
				9A9B64FF1C66E56300796B22 /* TestandoIntegracaoGitHubUITests */,
			);
		};
/* End PBXProject section */

/* Begin PBXResourcesBuildPhase section */
		9A9B64DF1C66E56200796B22 /* Resources */ = {
			isa = PBXResourcesBuildPhase;
			buildActionMask = 2147483647;
			files = (
				9A9B64EF1C66E56300796B22 /* LaunchScreen.storyboard in Resources */,
				9A9B64EC1C66E56300796B22 /* Assets.xcassets in Resources */,
				9A9B64EA1C66E56300796B22 /* Main.storyboard in Resources */,
			);
			runOnlyForDeploymentPostprocessing = 0;
		};
		9A9B64F31C66E56300796B22 /* Resources */ = {
			isa = PBXResourcesBuildPhase;
			buildActionMask = 2147483647;
			files = (
			);
			runOnlyForDeploymentPostprocessing = 0;
		};
		9A9B64FE1C66E56300796B22 /* Resources */ = {
			isa = PBXResourcesBuildPhase;
			buildActionMask = 2147483647;
			files = (
			);
			runOnlyForDeploymentPostprocessing = 0;
		};
/* End PBXResourcesBuildPhase section */

/* Begin PBXSourcesBuildPhase section */
		9A9B64DD1C66E56200796B22 /* Sources */ = {
			isa = PBXSourcesBuildPhase;
			buildActionMask = 2147483647;
			files = (
				9A9B64E71C66E56300796B22 /* ViewController.swift in Sources */,
				9A9B64E51C66E56300796B22 /* AppDelegate.swift in Sources */,
			);
			runOnlyForDeploymentPostprocessing = 0;
		};
		9A9B64F11C66E56300796B22 /* Sources */ = {
			isa = PBXSourcesBuildPhase;
			buildActionMask = 2147483647;
			files = (
				9A9B64FA1C66E56300796B22 /* TestandoIntegracaoGitHubTests.swift in Sources */,
			);
			runOnlyForDeploymentPostprocessing = 0;
		};
		9A9B64FC1C66E56300796B22 /* Sources */ = {
			isa = PBXSourcesBuildPhase;
			buildActionMask = 2147483647;
			files = (
				9A9B65051C66E56300796B22 /* TestandoIntegracaoGitHubUITests.swift in Sources */,
			);
			runOnlyForDeploymentPostprocessing = 0;
		};
/* End PBXSourcesBuildPhase section */

/* Begin PBXTargetDependency section */
		9A9B64F71C66E56300796B22 /* PBXTargetDependency */ = {
			isa = PBXTargetDependency;
			target = 9A9B64E01C66E56200796B22 /* TestandoIntegracaoGitHub */;
			targetProxy = 9A9B64F61C66E56300796B22 /* PBXContainerItemProxy */;
		};
		9A9B65021C66E56300796B22 /* PBXTargetDependency */ = {
			isa = PBXTargetDependency;
			target = 9A9B64E01C66E56200796B22 /* TestandoIntegracaoGitHub */;
			targetProxy = 9A9B65011C66E56300796B22 /* PBXContainerItemProxy */;
		};
/* End PBXTargetDependency section */

/* Begin PBXVariantGroup section */
		9A9B64E81C66E56300796B22 /* Main.storyboard */ = {
			isa = PBXVariantGroup;
			children = (
				9A9B64E91C66E56300796B22 /* Base */,
			);
			name = Main.storyboard;
			sourceTree = "<group>";
		};
		9A9B64ED1C66E56300796B22 /* LaunchScreen.storyboard */ = {
			isa = PBXVariantGroup;
			children = (
				9A9B64EE1C66E56300796B22 /* Base */,
			);
			name = LaunchScreen.storyboard;
			sourceTree = "<group>";
		};
/* End PBXVariantGroup section */

/* Begin XCBuildConfiguration section */
		9A9B65071C66E56300796B22 /* Debug */ = {
			isa = XCBuildConfiguration;
			buildSettings = {
				ALWAYS_SEARCH_USER_PATHS = NO;
				CLANG_CXX_LANGUAGE_STANDARD = "gnu++0x";
				CLANG_CXX_LIBRARY = "libc++";
				CLANG_ENABLE_MODULES = YES;
				CLANG_ENABLE_OBJC_ARC = YES;
				CLANG_WARN_BOOL_CONVERSION = YES;
				CLANG_WARN_CONSTANT_CONVERSION = YES;
				CLANG_WARN_DIRECT_OBJC_ISA_USAGE = YES_ERROR;
				CLANG_WARN_EMPTY_BODY = YES;
				CLANG_WARN_ENUM_CONVERSION = YES;
				CLANG_WARN_INT_CONVERSION = YES;
				CLANG_WARN_OBJC_ROOT_CLASS = YES_ERROR;
				CLANG_WARN_UNREACHABLE_CODE = YES;
				CLANG_WARN__DUPLICATE_METHOD_MATCH = YES;
				"CODE_SIGN_IDENTITY[sdk=iphoneos*]" = "iPhone Developer";
				COPY_PHASE_STRIP = NO;
				DEBUG_INFORMATION_FORMAT = dwarf;
				ENABLE_STRICT_OBJC_MSGSEND = YES;
				ENABLE_TESTABILITY = YES;
				GCC_C_LANGUAGE_STANDARD = gnu99;
				GCC_DYNAMIC_NO_PIC = NO;
				GCC_NO_COMMON_BLOCKS = YES;
				GCC_OPTIMIZATION_LEVEL = 0;
				GCC_PREPROCESSOR_DEFINITIONS = (
					"DEBUG=1",
					"$(inherited)",
				);
				GCC_WARN_64_TO_32_BIT_CONVERSION = YES;
				GCC_WARN_ABOUT_RETURN_TYPE = YES_ERROR;
				GCC_WARN_UNDECLARED_SELECTOR = YES;
				GCC_WARN_UNINITIALIZED_AUTOS = YES_AGGRESSIVE;
				GCC_WARN_UNUSED_FUNCTION = YES;
				GCC_WARN_UNUSED_VARIABLE = YES;
				IPHONEOS_DEPLOYMENT_TARGET = 9.2;
				MTL_ENABLE_DEBUG_INFO = YES;
				ONLY_ACTIVE_ARCH = YES;
				SDKROOT = iphoneos;
				SWIFT_OPTIMIZATION_LEVEL = "-Onone";
			};
			name = Debug;
		};
		9A9B65081C66E56300796B22 /* Release */ = {
			isa = XCBuildConfiguration;
			buildSettings = {
				ALWAYS_SEARCH_USER_PATHS = NO;
				CLANG_CXX_LANGUAGE_STANDARD = "gnu++0x";
				CLANG_CXX_LIBRARY = "libc++";
				CLANG_ENABLE_MODULES = YES;
				CLANG_ENABLE_OBJC_ARC = YES;
				CLANG_WARN_BOOL_CONVERSION = YES;
				CLANG_WARN_CONSTANT_CONVERSION = YES;
				CLANG_WARN_DIRECT_OBJC_ISA_USAGE = YES_ERROR;
				CLANG_WARN_EMPTY_BODY = YES;
				CLANG_WARN_ENUM_CONVERSION = YES;
				CLANG_WARN_INT_CONVERSION = YES;
				CLANG_WARN_OBJC_ROOT_CLASS = YES_ERROR;
				CLANG_WARN_UNREACHABLE_CODE = YES;
				CLANG_WARN__DUPLICATE_METHOD_MATCH = YES;
				"CODE_SIGN_IDENTITY[sdk=iphoneos*]" = "iPhone Developer";
				COPY_PHASE_STRIP = NO;
				DEBUG_INFORMATION_FORMAT = "dwarf-with-dsym";
				ENABLE_NS_ASSERTIONS = NO;
				ENABLE_STRICT_OBJC_MSGSEND = YES;
				GCC_C_LANGUAGE_STANDARD = gnu99;
				GCC_NO_COMMON_BLOCKS = YES;
				GCC_WARN_64_TO_32_BIT_CONVERSION = YES;
				GCC_WARN_ABOUT_RETURN_TYPE = YES_ERROR;
				GCC_WARN_UNDECLARED_SELECTOR = YES;
				GCC_WARN_UNINITIALIZED_AUTOS = YES_AGGRESSIVE;
				GCC_WARN_UNUSED_FUNCTION = YES;
				GCC_WARN_UNUSED_VARIABLE = YES;
				IPHONEOS_DEPLOYMENT_TARGET = 9.2;
				MTL_ENABLE_DEBUG_INFO = NO;
				SDKROOT = iphoneos;
				VALIDATE_PRODUCT = YES;
			};
			name = Release;
		};
		9A9B650A1C66E56300796B22 /* Debug */ = {
			isa = XCBuildConfiguration;
			buildSettings = {
				ASSETCATALOG_COMPILER_APPICON_NAME = AppIcon;
				INFOPLIST_FILE = TestandoIntegracaoGitHub/Info.plist;
				LD_RUNPATH_SEARCH_PATHS = "$(inherited) @executable_path/Frameworks";
				PRODUCT_BUNDLE_IDENTIFIER = com.felipe.soares.TestandoIntegracaoGitHub;
				PRODUCT_NAME = "$(TARGET_NAME)";
			};
			name = Debug;
		};
		9A9B650B1C66E56300796B22 /* Release */ = {
			isa = XCBuildConfiguration;
			buildSettings = {
				ASSETCATALOG_COMPILER_APPICON_NAME = AppIcon;
				INFOPLIST_FILE = TestandoIntegracaoGitHub/Info.plist;
				LD_RUNPATH_SEARCH_PATHS = "$(inherited) @executable_path/Frameworks";
				PRODUCT_BUNDLE_IDENTIFIER = com.felipe.soares.TestandoIntegracaoGitHub;
				PRODUCT_NAME = "$(TARGET_NAME)";
			};
			name = Release;
		};
		9A9B650D1C66E56300796B22 /* Debug */ = {
			isa = XCBuildConfiguration;
			buildSettings = {
				BUNDLE_LOADER = "$(TEST_HOST)";
				INFOPLIST_FILE = TestandoIntegracaoGitHubTests/Info.plist;
				LD_RUNPATH_SEARCH_PATHS = "$(inherited) @executable_path/Frameworks @loader_path/Frameworks";
				PRODUCT_BUNDLE_IDENTIFIER = com.felipe.soares.TestandoIntegracaoGitHubTests;
				PRODUCT_NAME = "$(TARGET_NAME)";
				TEST_HOST = "$(BUILT_PRODUCTS_DIR)/TestandoIntegracaoGitHub.app/TestandoIntegracaoGitHub";
			};
			name = Debug;
		};
		9A9B650E1C66E56300796B22 /* Release */ = {
			isa = XCBuildConfiguration;
			buildSettings = {
				BUNDLE_LOADER = "$(TEST_HOST)";
				INFOPLIST_FILE = TestandoIntegracaoGitHubTests/Info.plist;
				LD_RUNPATH_SEARCH_PATHS = "$(inherited) @executable_path/Frameworks @loader_path/Frameworks";
				PRODUCT_BUNDLE_IDENTIFIER = com.felipe.soares.TestandoIntegracaoGitHubTests;
				PRODUCT_NAME = "$(TARGET_NAME)";
				TEST_HOST = "$(BUILT_PRODUCTS_DIR)/TestandoIntegracaoGitHub.app/TestandoIntegracaoGitHub";
			};
			name = Release;
		};
		9A9B65101C66E56300796B22 /* Debug */ = {
			isa = XCBuildConfiguration;
			buildSettings = {
				INFOPLIST_FILE = TestandoIntegracaoGitHubUITests/Info.plist;
				LD_RUNPATH_SEARCH_PATHS = "$(inherited) @executable_path/Frameworks @loader_path/Frameworks";
				PRODUCT_BUNDLE_IDENTIFIER = com.felipe.soares.TestandoIntegracaoGitHubUITests;
				PRODUCT_NAME = "$(TARGET_NAME)";
				TEST_TARGET_NAME = TestandoIntegracaoGitHub;
				USES_XCTRUNNER = YES;
			};
			name = Debug;
		};
		9A9B65111C66E56300796B22 /* Release */ = {
			isa = XCBuildConfiguration;
			buildSettings = {
				INFOPLIST_FILE = TestandoIntegracaoGitHubUITests/Info.plist;
				LD_RUNPATH_SEARCH_PATHS = "$(inherited) @executable_path/Frameworks @loader_path/Frameworks";
				PRODUCT_BUNDLE_IDENTIFIER = com.felipe.soares.TestandoIntegracaoGitHubUITests;
				PRODUCT_NAME = "$(TARGET_NAME)";
				TEST_TARGET_NAME = TestandoIntegracaoGitHub;
				USES_XCTRUNNER = YES;
			};
			name = Release;
		};
/* End XCBuildConfiguration section */

/* Begin XCConfigurationList section */
		9A9B64DC1C66E56200796B22 /* Build configuration list for PBXProject "TestandoIntegracaoGitHub" */ = {
			isa = XCConfigurationList;
			buildConfigurations = (
				9A9B65071C66E56300796B22 /* Debug */,
				9A9B65081C66E56300796B22 /* Release */,
			);
			defaultConfigurationIsVisible = 0;
			defaultConfigurationName = Release;
		};
		9A9B65091C66E56300796B22 /* Build configuration list for PBXNativeTarget "TestandoIntegracaoGitHub" */ = {
			isa = XCConfigurationList;
			buildConfigurations = (
				9A9B650A1C66E56300796B22 /* Debug */,
				9A9B650B1C66E56300796B22 /* Release */,
			);
			defaultConfigurationIsVisible = 0;
		};
		9A9B650C1C66E56300796B22 /* Build configuration list for PBXNativeTarget "TestandoIntegracaoGitHubTests" */ = {
			isa = XCConfigurationList;
			buildConfigurations = (
				9A9B650D1C66E56300796B22 /* Debug */,
				9A9B650E1C66E56300796B22 /* Release */,
			);
			defaultConfigurationIsVisible = 0;
		};
		9A9B650F1C66E56300796B22 /* Build configuration list for PBXNativeTarget "TestandoIntegracaoGitHubUITests" */ = {
			isa = XCConfigurationList;
			buildConfigurations = (
				9A9B65101C66E56300796B22 /* Debug */,
				9A9B65111C66E56300796B22 /* Release */,
			);
			defaultConfigurationIsVisible = 0;
		};
/* End XCConfigurationList section */
	};
	rootObject = 9A9B64D91C66E56200796B22 /* Project object */;
}
